github.com/elazarl/goproxy v0.0.0-20231117061959-7cc037d33fb5 h1:m62nsMU279qRD9PQSWD1l66kmkXzuYcnVJqL4XLeV2M=
github.com/elazarl/goproxy v0.0.0-20231117061959-7cc037d33fb5/go.mod h1:Ro8st/ElPeALwNFlcTpWmkr6IoMFfkjXAvTHpevnDsM=
github.com/elazarl/goproxy/ext v0.0.0-20190711103511-473e67f1d7d2/go.mod h1:gNh8nYJoAm43RfaxurUnxr+N1PwuFV3ZMl/efxlIlY8=
github.com/risor-io/risor v1.6.0 h1:OHNE6xZCIa0wKT7izHtdD3w0WROqTbMy4anMVulQ+ZA=
github.com/risor-io/risor v1.6.0/go.mod h1:bYNKiD8Kw48BuBSPcHqK366V++rj37pn9otegVBvyfQ=
github.com/rogpeppe/go-charset v0.0.0-20180617210344-2471d30d28b4/go.mod h1:qgYeAmZ5ZIpBWTGllZSQnw97Dj+woV0toclVaRGI8pc=
gopkg.in/check.v1 v0.0.0-20161208181325-20d25e280405/go.mod h1:Co6ibVJAznAaIkqp8huTwlJQCZ016jof/cbN4VW5Yz0=
gopkg.in/yaml.v3 v3.0.1 h1:fxVm/GzAzEWqLHuvctI91KS9hhNmmWOoWu0XTYJS7CA=
gopkg.in/yaml.v3 v3.0.1/go.mod h1:K4uyk7z7BCEPqu6E+C64Yfv1cQ7kz7rIZviUmN+EgEM=
