github.com/aws/aws-sdk-go-v2 v1.21.0 h1:gMT0IW+03wtYJhRqTVYn0wLzwdnK9sRMcxmtfGzRdJc=
github.com/aws/aws-sdk-go-v2 v1.21.0/go.mod h1:/RfNgGmRxI+iFOB1OeJUyxiU+9s88k3pfHvDagGEp0M=
github.com/aws/aws-sdk-go-v2/aws/protocol/eventstream v1.4.13 h1:OPLEkmhXf6xFPiz0bLeDArZIDx1NNS4oJyG4nv3Gct0=
github.com/aws/aws-sdk-go-v2/aws/protocol/eventstream v1.4.13/go.mod h1:gpAbvyDGQFozTEmlTFO8XcQKHzubdq0LzRyJpG6MiXM=
github.com/aws/aws-sdk-go-v2/config v1.18.37 h1:RNAfbPqw1CstCooHaTPhScz7z1PyocQj0UL+l95CgzI=
github.com/aws/aws-sdk-go-v2/config v1.18.37/go.mod h1:8AnEFxW9/XGKCbjYDCJy7iltVNyEI9Iu9qC21UzhhgQ=
github.com/aws/aws-sdk-go-v2/credentials v1.13.35 h1:QpsNitYJu0GgvMBLUIYu9H4yryA5kMksjeIVQfgXrt8=
github.com/aws/aws-sdk-go-v2/credentials v1.13.35/go.mod h1:o7rCaLtvK0hUggAGclf76mNGGkaG5a9KWlp+d9IpcV8=
github.com/aws/aws-sdk-go-v2/feature/ec2/imds v1.13.11 h1:uDZJF1hu0EVT/4bogChk8DyjSF6fof6uL/0Y26Ma7Fg=
github.com/aws/aws-sdk-go-v2/feature/ec2/imds v1.13.11/go.mod h1:TEPP4tENqBGO99KwVpV9MlOX4NSrSLP8u3KRy2CDwA8=
github.com/aws/aws-sdk-go-v2/internal/configsources v1.1.41 h1:22dGT7PneFMx4+b3pz7lMTRyN8ZKH7M2cW4GP9yUS2g=
github.com/aws/aws-sdk-go-v2/internal/configsources v1.1.41/go.mod h1:CrObHAuPneJBlfEJ5T3szXOUkLEThaGfvnhTf33buas=
github.com/aws/aws-sdk-go-v2/internal/endpoints/v2 v2.4.35 h1:SijA0mgjV8E+8G45ltVHs0fvKpTj8xmZJ3VwhGKtUSI=
github.com/aws/aws-sdk-go-v2/internal/endpoints/v2 v2.4.35/go.mod h1:SJC1nEVVva1g3pHAIdCp7QsRIkMmLAgoDquQ9Rr8kYw=
github.com/aws/aws-sdk-go-v2/internal/ini v1.3.42 h1:GPUcE/Yq7Ur8YSUk6lVkoIMWnJNO0HT18GUzCWCgCI0=
github.com/aws/aws-sdk-go-v2/internal/ini v1.3.42/go.mod h1:rzfdUlfA+jdgLDmPKjd3Chq9V7LVLYo1Nz++Wb91aRo=
github.com/aws/aws-sdk-go-v2/internal/v4a v1.1.4 h1:6lJvvkQ9HmbHZ4h/IEwclwv2mrTW8Uq1SOB/kXy0mfw=
github.com/aws/aws-sdk-go-v2/internal/v4a v1.1.4/go.mod h1:1PrKYwxTM+zjpw9Y41KFtoJCQrJ34Z47Y4VgVbfndjo=
github.com/aws/aws-sdk-go-v2/service/apigatewayv2 v1.14.5 h1:pLmOgMUiwXOi3oKx2J3feVb9JGVgwJ78RYnOV9UR0BM=
github.com/aws/aws-sdk-go-v2/service/apigatewayv2 v1.14.5/go.mod h1:4eIs6K6ag6ymoUMOFfjm9dmP9KbuKgC7K5eIqlIBsbY=
github.com/aws/aws-sdk-go-v2/service/athena v1.31.6 h1:EFaTu1rBt+KQglDeYRpP1PHot/6xlYzvouxm2aRmrG8=
github.com/aws/aws-sdk-go-v2/service/athena v1.31.6/go.mod h1:DHafyhR8x70ANJZ2RkJx8oeJsfEBqaGwZ591vlihVFQ=
github.com/aws/aws-sdk-go-v2/service/backup v1.24.4 h1:GO+Zcvm9+IlCp2Gb6u9LU4HHGdPhE518EmOvjSMrl1c=
github.com/aws/aws-sdk-go-v2/service/backup v1.24.4/go.mod h1:eborlausdvowwY/7Q50KfXMKj8Zk0O7S6f6r3Qv8HTI=
github.com/aws/aws-sdk-go-v2/service/cloudformation v1.34.5 h1:nsF/NEmPtncCv7WGx3TSACPrDizn7xaegd5O+iPEIqM=
github.com/aws/aws-sdk-go-v2/service/cloudformation v1.34.5/go.mod h1:iPAjggk9ynV18SdJiX+aqGDbVCU9Bw5idzfha5To46E=
github.com/aws/aws-sdk-go-v2/service/cloudfront v1.28.5 h1:Skw91L/Y1HkdYhCbdM0eiWOjrHKnpB/VNBHpg8e/8qo=
github.com/aws/aws-sdk-go-v2/service/cloudfront v1.28.5/go.mod h1:s+OI3YtisOCVORf07RWL2xjwrWgeYwvScNp7ZA2YGwI=
github.com/aws/aws-sdk-go-v2/service/cloudtrail v1.28.6 h1:XL2UcCzlqZW54utItw+/dQxEr2YzzF6rckgSM1a7zhA=
github.com/aws/aws-sdk-go-v2/service/cloudtrail v1.28.6/go.mod h1:XJCjyzVD3XB6efz0N4LkqRAM/m8yg+BfaJD0m6l9oY8=
github.com/aws/aws-sdk-go-v2/service/cloudwatch v1.27.6 h1:YUQGnci0QY+X+tu7XI7zy2vnUjmuUw0VT4OC1SikKIw=
github.com/aws/aws-sdk-go-v2/service/cloudwatch v1.27.6/go.mod h1:1HKxVrj5wsKy/wb2v07vzTSd+YPV1sDsWxferwPK7PA=
github.com/aws/aws-sdk-go-v2/service/cloudwatchlogs v1.23.5 h1:/rXnxd9VGnTc5fLuSFKkWCy+kDP6CxXAIMvfJQEfx8U=
github.com/aws/aws-sdk-go-v2/service/cloudwatchlogs v1.23.5/go.mod h1:5v2ZNXCSwG73rx0k3sCuB1Ju8sbEbG0iUlxCA7D8sV8=
github.com/aws/aws-sdk-go-v2/service/dynamodb v1.21.5 h1:EeNQ3bDA6hlx3vifHf7LT/l9dh9w7D2XgCdaD11TRU4=
github.com/aws/aws-sdk-go-v2/service/dynamodb v1.21.5/go.mod h1:X3ThW5RPV19hi7bnQ0RMAiBjZbzxj4rZlj+qdctbMWY=
github.com/aws/aws-sdk-go-v2/service/ebs v1.18.5 h1:jXxzgPq9t/YAV6YAfYuOa6upIn+UlWYhc+gkcGn93Yk=
github.com/aws/aws-sdk-go-v2/service/ebs v1.18.5/go.mod h1:qjo4jWbb5xBI+CrwQCdgYbNH9REqX/rLxXV+7OEQWYs=
github.com/aws/aws-sdk-go-v2/service/ec2 v1.115.0 h1:/OcX8Q9qehNdPQInuYifmcsTir62q6ulmZByy/VkoeE=
github.com/aws/aws-sdk-go-v2/service/ec2 v1.115.0/go.mod h1:0FhI2Rzcv5BNM3dNnbcCx2qa2naFZoAidJi11cQgzL0=
github.com/aws/aws-sdk-go-v2/service/ecr v1.19.5 h1:hg2/a7rE9dwYr+/DPNzHQ+IsHXLNt1NsQVUecBtA8os=
github.com/aws/aws-sdk-go-v2/service/ecr v1.19.5/go.mod h1:pGwmNL8hN0jpBfKfTbmu+Rl0bJkDhaGl+9PQLrZ4KLo=
github.com/aws/aws-sdk-go-v2/service/ecs v1.29.6 h1:D8aVp/27erJY/c+BeCM2RD6/KTshRAIr5z41nncMfxU=
github.com/aws/aws-sdk-go-v2/service/ecs v1.29.6/go.mod h1:cxbA26Kf4UlTb40f5FON22ZPNMyEVmMS82KUJZC1E1w=
github.com/aws/aws-sdk-go-v2/service/eks v1.29.5 h1:6eSpTHOsDixcFIvPdiAAVdyCru3k2jIVRPdIQfGzfc8=
github.com/aws/aws-sdk-go-v2/service/eks v1.29.5/go.mod h1:TwqefcyPlF31NTF+fH34tJ2VwMMR6c74IbiiUgA6kVY=
github.com/aws/aws-sdk-go-v2/service/elasticache v1.29.3 h1:VT1Yq9MPp/sQhrfeHkC0SQf8mKGrb0epAYTExGipChg=
github.com/aws/aws-sdk-go-v2/service/elasticache v1.29.3/go.mod h1:WTAOgZesN8YgaTo0aNJPB4ufoN/QpxAHeC2HRxKay+M=
github.com/aws/aws-sdk-go-v2/service/elasticsearchservice v1.20.5 h1:Wem3awMAewdXG1RQ9198hglIGjEuhxGqGSaMoFGCQbQ=
github.com/aws/aws-sdk-go-v2/service/elasticsearchservice v1.20.5/go.mod h1:L9XcF8QdOpGUDPccs9VZPlNhrpfPEKFDl/vb3C+iZbs=
github.com/aws/aws-sdk-go-v2/service/eventbridge v1.20.5 h1:lQZiJvcixKORX1mBb3Fsa0iWuFTrYnQjDezegmUWnxA=
github.com/aws/aws-sdk-go-v2/service/eventbridge v1.20.5/go.mod h1:NgudPBMWkilaPx7oOPoZ4DXjGn0oa0MuClQRdUthUwg=
github.com/aws/aws-sdk-go-v2/service/firehose v1.17.5 h1:L9C2CDJ46zlS+T/Izi6YRQm2BDv+xzx+s1DFnm5ODLc=
github.com/aws/aws-sdk-go-v2/service/firehose v1.17.5/go.mod h1:LaKo3QD/FCMbX07y/33Y5HwlLxn64jHuyBnZRY381Jc=
github.com/aws/aws-sdk-go-v2/service/glue v1.62.0 h1:sQfm/ssTWaYTBHcYIcCl3pnc2Gnr4X5e1EY/mpfHlgA=
github.com/aws/aws-sdk-go-v2/service/glue v1.62.0/go.mod h1:4k3UwWbrSTi9RSwMFRpvqKD+ULldghB+PUKieYyucOA=
github.com/aws/aws-sdk-go-v2/service/iam v1.22.5 h1:qGv+oW4uV1T3kbE9uSYEfdZbo38OqxgRxxfStfDr4BU=
github.com/aws/aws-sdk-go-v2/service/iam v1.22.5/go.mod h1:8lyPrjQczmx72ac9s82zTjf9xLqs7uuFMG9TVEZ07XU=
github.com/aws/aws-sdk-go-v2/service/internal/accept-encoding v1.9.14 h1:m0QTSI6pZYJTk5WSKx3fm5cNW/DCicVzULBgU/6IyD0=
github.com/aws/aws-sdk-go-v2/service/internal/accept-encoding v1.9.14/go.mod h1:dDilntgHy9WnHXsh7dDtUPgHKEfTJIBUTHM8OWm0f/0=
github.com/aws/aws-sdk-go-v2/service/internal/checksum v1.1.36 h1:eev2yZX7esGRjqRbnVk1UxMLw4CyVZDpZXRCcy75oQk=
github.com/aws/aws-sdk-go-v2/service/internal/checksum v1.1.36/go.mod h1:lGnOkH9NJATw0XEPcAknFBj3zzNTEGRHtSw+CwC1YTg=
github.com/aws/aws-sdk-go-v2/service/internal/endpoint-discovery v1.7.35 h1:UKjpIDLVF90RfV88XurdduMoTxPqtGHZMIDYZQM7RO4=
github.com/aws/aws-sdk-go-v2/service/internal/endpoint-discovery v1.7.35/go.mod h1:B3dUg0V6eJesUTi+m27NUkj7n8hdDKYUpxj8f4+TqaQ=
github.com/aws/aws-sdk-go-v2/service/internal/presigned-url v1.9.35 h1:CdzPW9kKitgIiLV1+MHobfR5Xg25iYnyzWZhyQuSlDI=
github.com/aws/aws-sdk-go-v2/service/internal/presigned-url v1.9.35/go.mod h1:QGF2Rs33W5MaN9gYdEQOBBFPLwTZkEhRwI33f7KIG0o=
github.com/aws/aws-sdk-go-v2/service/internal/s3shared v1.15.4 h1:v0jkRigbSD6uOdwcaUQmgEwG1BkPfAPDqaeNt/29ghg=
github.com/aws/aws-sdk-go-v2/service/internal/s3shared v1.15.4/go.mod h1:LhTyt8J04LL+9cIt7pYJ5lbS/U98ZmXovLOR/4LUsk8=
github.com/aws/aws-sdk-go-v2/service/kinesis v1.18.5 h1:naSZmQiFjoTLxNjfDy/KgEnWdG3odkR6gIEgTx21YOM=
github.com/aws/aws-sdk-go-v2/service/kinesis v1.18.5/go.mod h1:0h3hOcyFXyjvI3wGt8C8vk2+II9XxHwFM7zH2KvLHmA=
github.com/aws/aws-sdk-go-v2/service/kms v1.24.5 h1:VNEw+EdYDUdkICYAVQ6n9WoAq8ZuZr7dXKjyaOw94/Q=
github.com/aws/aws-sdk-go-v2/service/kms v1.24.5/go.mod h1:NZEhPgq+vvmM6L9w+xl78Vf7YxqUcpVULqFdrUhHg8I=
github.com/aws/aws-sdk-go-v2/service/lambda v1.39.5 h1:uMvxJFS92hNW6BRX0Ou+5zb9DskgrJQHZ+5yT8FXK5Y=
github.com/aws/aws-sdk-go-v2/service/lambda v1.39.5/go.mod h1:ByLHcf0zbHpyLTOy1iPVRPJWmAUPCiJv5k81dt52ID8=
github.com/aws/aws-sdk-go-v2/service/ram v1.20.5 h1:71o206gPHotYp0rKITsaGUjpG3WggckkfWANtLmcijY=
github.com/aws/aws-sdk-go-v2/service/ram v1.20.5/go.mod h1:lH3bW44kHjivEwjK6SKEFj0mpku8BckPOavzIxWdeJA=
github.com/aws/aws-sdk-go-v2/service/rds v1.53.0 h1:+PNNWmjp8VeoU6mtRkzPerlhI818uuI4hf/Td8GEjp8=
github.com/aws/aws-sdk-go-v2/service/rds v1.53.0/go.mod h1:UNv1vk1fU1NJefzteykVpVLA88w4WxB05g3vp2kQhYM=
github.com/aws/aws-sdk-go-v2/service/redshift v1.29.5 h1:ufl4QI+6Vuxg6E8UOFVy+CeCtXS+gBMb00oTh2qSPco=
github.com/aws/aws-sdk-go-v2/service/redshift v1.29.5/go.mod h1:U8V+thdAH44/2weiprIA0JyDWa2XBov58TtdjCTTpc8=
github.com/aws/aws-sdk-go-v2/service/route53 v1.29.5 h1:6wPin3WPyQpBl/QZsoNUnqvXy4Ib1Ygv7VagGvLKJAc=
github.com/aws/aws-sdk-go-v2/service/route53 v1.29.5/go.mod h1:6zl0jh5MUKuJ07eHn3MNeLOVutxwl8m9vQltZjoLakM=
github.com/aws/aws-sdk-go-v2/service/s3 v1.38.5 h1:A42xdtStObqy7NGvzZKpnyNXvoOmm+FENobZ0/ssHWk=
github.com/aws/aws-sdk-go-v2/service/s3 v1.38.5/go.mod h1:rDGMZA7f4pbmTtPOk5v5UM2lmX6UAbRnMDJeDvnH7AM=
github.com/aws/aws-sdk-go-v2/service/secretsmanager v1.21.3 h1:H6ZipEknzu7RkJW3w2PP75zd8XOdR35AEY5D57YrJtA=
github.com/aws/aws-sdk-go-v2/service/secretsmanager v1.21.3/go.mod h1:5W2cYXDPabUmwULErlC92ffLhtTuyv4ai+5HhdbhfNo=
github.com/aws/aws-sdk-go-v2/service/sesv2 v1.19.5 h1:UDFvgXf0aLuzvWOXZTTkvVgFxiPb0vAanb1gpe5A+DQ=
github.com/aws/aws-sdk-go-v2/service/sesv2 v1.19.5/go.mod h1:qpAr/ear7teIUoBd1gaPbvavdICoo1XyAIHPVlyawQc=
github.com/aws/aws-sdk-go-v2/service/sfn v1.19.5 h1:uGuCRiB/3dCGb0iInxJJJTeMvTxM7wIdFv9R0uSFLKQ=
github.com/aws/aws-sdk-go-v2/service/sfn v1.19.5/go.mod h1:k+qjkSU3GMlQ2w66KFtWHQF74MG+LhwhSHX60FBp4rA=
github.com/aws/aws-sdk-go-v2/service/sns v1.21.5 h1:KI6xffjUcP3KgpJEtKefQL8B7AXFqyAXkVw8SyvT/o8=
github.com/aws/aws-sdk-go-v2/service/sns v1.21.5/go.mod h1:eEjNDG7Y1BH7Ci9qKVH2L02se84z5GPCqXKcqEUpnXg=
github.com/aws/aws-sdk-go-v2/service/sqs v1.24.5 h1:RyDpTOMEJO6ycxw1vU/6s0KLFaH3M0z/z9gXHSndPTk=
github.com/aws/aws-sdk-go-v2/service/sqs v1.24.5/go.mod h1:RZBu4jmYz3Nikzpu/VuVvRnTEJ5a+kf36WT2fcl5Q+Q=
github.com/aws/aws-sdk-go-v2/service/sso v1.13.5 h1:oCvTFSDi67AX0pOX3PuPdGFewvLRU2zzFSrTsgURNo0=
github.com/aws/aws-sdk-go-v2/service/sso v1.13.5/go.mod h1:fIAwKQKBFu90pBxx07BFOMJLpRUGu8VOzLJakeY+0K4=
github.com/aws/aws-sdk-go-v2/service/ssooidc v1.15.5 h1:dnInJb4S0oy8aQuri1mV6ipLlnZPfnsDNB9BGO9PDNY=
github.com/aws/aws-sdk-go-v2/service/ssooidc v1.15.5/go.mod h1:yygr8ACQRY2PrEcy3xsUI357stq2AxnFM6DIsR9lij4=
github.com/aws/aws-sdk-go-v2/service/sts v1.21.5 h1:CQBFElb0LS8RojMJlxRSo/HXipvTZW2S44Lt9Mk2aYQ=
github.com/aws/aws-sdk-go-v2/service/sts v1.21.5/go.mod h1:VC7JDqsqiwXukYEDjoHh9U0fOJtNWh04FPQz4ct4GGU=
github.com/aws/aws-sdk-go-v2/service/wafv2 v1.37.5 h1:DVenCH1bb1bTrR0QkU6WRjtdwIT9+SIRLxm1UVuxzGE=
github.com/aws/aws-sdk-go-v2/service/wafv2 v1.37.5/go.mod h1:DpoiivzlPvNw05xkjn205amYUbzSngKQCJ13QmTVaeo=
github.com/aws/aws-sdk-go-v2/service/xray v1.17.5 h1:fJ7KMcuZXBfmK0A8ZfMZIKle0/WuiZwOl+JDpR+LV4I=
github.com/aws/aws-sdk-go-v2/service/xray v1.17.5/go.mod h1:aE2t25bCn8YrfL6faz73m5Q/7gKa25HjCoa+z6OQMG4=
github.com/aws/smithy-go v1.14.2 h1:MJU9hqBGbvWZdApzpvoF2WAIJDbtjK2NDJSiJP7HblQ=
github.com/aws/smithy-go v1.14.2/go.mod h1:Tg+OJXh4MB2R/uN61Ko2f6hTZwB/ZYGOtib8J3gBHzA=
github.com/davecgh/go-spew v1.1.0/go.mod h1:J7Y8YcW2NihsgmVo/mv3lAwl/skON4iLHjSsI+c5H38=
github.com/davecgh/go-spew v1.1.1 h1:vj9j/u1bqnvCEfJOwUhtlOARqs3+rkHYY13jYWTU97c=
github.com/gofrs/uuid v4.4.0+incompatible h1:3qXRTX8/NbyulANqlc0lchS1gqAVxRgsuW1YrTJupqA=
github.com/gofrs/uuid v4.4.0+incompatible/go.mod h1:b2aQJv3Z4Fp6yNu3cdSllBxTCLRxnplIgP/c0N/04lM=
github.com/google/go-cmp v0.5.8/go.mod h1:17dUlkBOakJ0+DkrSSNjCkIjxS6bF9zb3elmeNGIjoY=
github.com/google/go-cmp v0.5.9 h1:O2Tfq5qg4qc4AmwVlvv0oLiVAGB7enBSJ2x2DqQFi38=
github.com/hashicorp/errwrap v1.0.0 h1:hLrqtEDnRye3+sgx6z4qVLNuviH3MR5aQ0ykNJa/UYA=
github.com/hashicorp/go-multierror v1.1.1 h1:H5DkEtf6CXdFp0N0Em5UCwQpXMWke8IA0+lD48awMYo=
github.com/jmespath/go-jmespath v0.4.0 h1:BEgLn5cpjn8UN1mAw4NjwDrS35OdebyEtFe+9YPoQUg=
github.com/jmespath/go-jmespath v0.4.0/go.mod h1:T8mJZnbsbmF+m6zOOFylbeCJqk5+pHWvzYPziyZiYoo=
github.com/jmespath/go-jmespath/internal/testify v1.5.1 h1:shLQSRRSCCPj3f2gpwzGwWFoC7ycTf1rcQZHOlsJ6N8=
github.com/jmespath/go-jmespath/internal/testify v1.5.1/go.mod h1:L3OGu8Wl2/fWfCI6z80xFu9LTZmf1ZRjMHUOPmWr69U=
github.com/pmezard/go-difflib v1.0.0 h1:4DBwDE0NGyQoBHbLQYPwSUPoCMWR5BEzIk/f1lZbAQM=
github.com/pmezard/go-difflib v1.0.0/go.mod h1:iKH77koFhYxTK1pcRnkKkqfTogsbg7gZNVY4sRDYZ/4=
github.com/stretchr/objx v0.1.0/go.mod h1:HFkY916IF+rwdDfMAkV7OtwuqBVzrE8GR6GFx+wExME=
github.com/stretchr/testify v1.8.3 h1:RP3t2pwF7cMEbC1dqtB6poj3niw/9gnV4Cjg5oW5gtY=
gopkg.in/check.v1 v0.0.0-20161208181325-20d25e280405/go.mod h1:Co6ibVJAznAaIkqp8huTwlJQCZ016jof/cbN4VW5Yz0=
gopkg.in/yaml.v2 v2.2.8 h1:obN1ZagJSUGI0Ek/LBmuj4SNLPfIny3KsKFopxRdj10=
gopkg.in/yaml.v2 v2.2.8/go.mod h1:hI93XBmqTisBFMUTm0b8Fm+jr3Dg1NNxqwp+5A1VGuI=
gopkg.in/yaml.v3 v3.0.1 h1:fxVm/GzAzEWqLHuvctI91KS9hhNmmWOoWu0XTYJS7CA=
