github.com/aws/aws-sdk-go-v2 v1.25.3 h1:xYiLpZTQs1mzvz5PaI6uR0Wh57ippuEthxS4iK5v0n0=
github.com/aws/aws-sdk-go-v2 v1.25.3/go.mod h1:35hUlJVYd+M++iLI3ALmVwMOyRYMmRqUXpTtRGW+K9I=
github.com/aws/aws-sdk-go-v2/aws/protocol/eventstream v1.6.1 h1:gTK2uhtAPtFcdRRJilZPx8uJLL2J85xK11nKtWL0wfU=
github.com/aws/aws-sdk-go-v2/aws/protocol/eventstream v1.6.1/go.mod h1:sxpLb+nZk7tIfCWChfd+h4QwHNUR57d8hA1cleTkjJo=
github.com/aws/aws-sdk-go-v2/config v1.27.7 h1:JSfb5nOQF01iOgxFI5OIKWwDiEXWTyTgg1Mm1mHi0A4=
github.com/aws/aws-sdk-go-v2/config v1.27.7/go.mod h1:PH0/cNpoMO+B04qET699o5W92Ca79fVtbUnvMIZro4I=
github.com/aws/aws-sdk-go-v2/credentials v1.17.7 h1:WJd+ubWKoBeRh7A5iNMnxEOs982SyVKOJD+K8HIezu4=
github.com/aws/aws-sdk-go-v2/credentials v1.17.7/go.mod h1:UQi7LMR0Vhvs+44w5ec8Q+VS+cd10cjwgHwiVkE0YGU=
github.com/aws/aws-sdk-go-v2/feature/ec2/imds v1.15.3 h1:p+y7FvkK2dxS+FEwRIDHDe//ZX+jDhP8HHE50ppj4iI=
github.com/aws/aws-sdk-go-v2/feature/ec2/imds v1.15.3/go.mod h1:/fYB+FZbDlwlAiynK9KDXlzZl3ANI9JkD0Uhz5FjNT4=
github.com/aws/aws-sdk-go-v2/internal/configsources v1.3.3 h1:ifbIbHZyGl1alsAhPIYsHOg5MuApgqOvVeI8wIugXfs=
github.com/aws/aws-sdk-go-v2/internal/configsources v1.3.3/go.mod h1:oQZXg3c6SNeY6OZrDY+xHcF4VGIEoNotX2B4PrDeoJI=
github.com/aws/aws-sdk-go-v2/internal/endpoints/v2 v2.6.3 h1:Qvodo9gHG9F3E8SfYOspPeBt0bjSbsevK8WhRAUHcoY=
github.com/aws/aws-sdk-go-v2/internal/endpoints/v2 v2.6.3/go.mod h1:vCKrdLXtybdf/uQd/YfVR2r5pcbNuEYKzMQpcxmeSJw=
github.com/aws/aws-sdk-go-v2/internal/ini v1.8.0 h1:hT8rVHwugYE2lEfdFE0QWVo81lF7jMrYJVDWI+f+VxU=
github.com/aws/aws-sdk-go-v2/internal/ini v1.8.0/go.mod h1:8tu/lYfQfFe6IGnaOdrpVgEL2IrrDOf6/m9RQum4NkY=
github.com/aws/aws-sdk-go-v2/internal/v4a v1.3.3 h1:mDnFOE2sVkyphMWtTH+stv0eW3k0OTx94K63xpxHty4=
github.com/aws/aws-sdk-go-v2/internal/v4a v1.3.3/go.mod h1:V8MuRVcCRt5h1S+Fwu8KbC7l/gBGo3yBAyUbJM2IJOk=
github.com/aws/aws-sdk-go-v2/service/apigatewayv2 v1.20.2 h1:djnFVmu8i73mv/CCvi1x0hN95DbU1rDDsIBTy9QFjMw=
github.com/aws/aws-sdk-go-v2/service/apigatewayv2 v1.20.2/go.mod h1:7PvRF6SPqQ+6Wi66ITTI2qZxypsj7/qkWnIqcjVwmO4=
github.com/aws/aws-sdk-go-v2/service/athena v1.40.2 h1:8J9He28jsrIWPcVfdCxltJj9haEsSN2SB4keoRQtQKE=
github.com/aws/aws-sdk-go-v2/service/athena v1.40.2/go.mod h1:77mOTf8npeWpoOpyF7Wj/75Pk1v5su7sBYqgGw46Emg=
github.com/aws/aws-sdk-go-v2/service/backup v1.33.2 h1:w1vPTncYFROW//S+24x+A3H4LIobqau0NKsJq529Kfg=
github.com/aws/aws-sdk-go-v2/service/backup v1.33.2/go.mod h1:aj2qC7L3hFMj8n8vTBRR7Rx7RsVWqcVzSco0KIiZytM=
github.com/aws/aws-sdk-go-v2/service/cloudformation v1.47.2 h1:CcIbHg7dQRdIXU4sMM1S8hy16RqTg0rq156cAhbg82c=
github.com/aws/aws-sdk-go-v2/service/cloudformation v1.47.2/go.mod h1:M1MzxSL622D8loHtyq/5TWqJvnYU+Oth0Wa6/U9NjNU=
github.com/aws/aws-sdk-go-v2/service/cloudfront v1.35.2 h1:XZaoET4/Bdeb2e1gdYGnMh7EIqm4ufqBMz5MUMraHRA=
github.com/aws/aws-sdk-go-v2/service/cloudfront v1.35.2/go.mod h1:jQgAtx2MeF2yr2tEAxfrugxexLbHYA+ahyHFWmpSY8Y=
github.com/aws/aws-sdk-go-v2/service/cloudtrail v1.39.0 h1:6Q78wgRuKzSAN8VuSgAyFxY9kvyatmlUEohlXl29LR4=
github.com/aws/aws-sdk-go-v2/service/cloudtrail v1.39.0/go.mod h1:QBIqzw/6LB/2ndOFRA2Lx64okTkLJiJIWp+9koWwzdY=
github.com/aws/aws-sdk-go-v2/service/cloudwatch v1.36.2 h1:VUaOIbGS7QZ4H1j5OcfGEPrCH7RA0NvcXye7qHox6tc=
github.com/aws/aws-sdk-go-v2/service/cloudwatch v1.36.2/go.mod h1:kfCI0AT+7S4MT1iJ2CdDxTJUsqpSFN1dmjI1qcdyv4A=
github.com/aws/aws-sdk-go-v2/service/cloudwatchlogs v1.34.3 h1:j77SexeZB/dRvaBW9PqObPGWRVUiMqRBrrlvuESCC2Y=
github.com/aws/aws-sdk-go-v2/service/cloudwatchlogs v1.34.3/go.mod h1:zVf0TcEEu38jbL0xKp8y+KKaoBwU6k+yTPZWYeDk1YE=
github.com/aws/aws-sdk-go-v2/service/dynamodb v1.30.4 h1:VdtD2r5ZzeX/PvaCUSUsiwu6K0SAhNzgJ50Wu/0KwhM=
github.com/aws/aws-sdk-go-v2/service/dynamodb v1.30.4/go.mod h1:HOZYCpIko/NOS693uPQINLs7drzMjRtIN1+XRL8IkfA=
github.com/aws/aws-sdk-go-v2/service/ebs v1.23.2 h1:fkL23QSIZuWvy1KKlXJFgxq7vgIP3umzYVfWME4hwpc=
github.com/aws/aws-sdk-go-v2/service/ebs v1.23.2/go.mod h1:YiFTL3fzK75Lt5d66V2tfOoXAqLY3gwjRnzkqzEJC2E=
github.com/aws/aws-sdk-go-v2/service/ec2 v1.150.1 h1:DQpuZSfLpSMgUevYRLS1XE44pSpEnJf/F53/KxmpX2Y=
github.com/aws/aws-sdk-go-v2/service/ec2 v1.150.1/go.mod h1:KNJMjsbzK97hci9ev2Vl/27GgUt3ZciRP4RGujAPF2I=
github.com/aws/aws-sdk-go-v2/service/ecr v1.27.2 h1:lkRbIgRuYW3C8y+vTQnSc4D4fiuby7XpEVzKTJkWjcU=
github.com/aws/aws-sdk-go-v2/service/ecr v1.27.2/go.mod h1:H4zhX7f/oFn2xNTW+vXOTSXx5SsJ3PjwIlKJCpzm0DU=
github.com/aws/aws-sdk-go-v2/service/ecs v1.41.2 h1:RwU3wheqnMqe/oMvN15IkBlrrBVEBZWfUo/13a7sTRI=
github.com/aws/aws-sdk-go-v2/service/ecs v1.41.2/go.mod h1:YnKgMC+9hzZbcBoI/NFULgbZTOxlulEx6jWT03VM66E=
github.com/aws/aws-sdk-go-v2/service/eks v1.41.1 h1:08hbVK5suEtDMgI7r0x8MA6arzYWvQEcQ/zyU4E7hyM=
github.com/aws/aws-sdk-go-v2/service/eks v1.41.1/go.mod h1:tVeE5cg0q+69sxgMsiyFnWrMnuwgui7FruNgPMXt7Lc=
github.com/aws/aws-sdk-go-v2/service/elasticache v1.37.3 h1:W1TEik8GrOQgYlG6drJVQ2/9k8yxTkK7Kb3k7pSEPcE=
github.com/aws/aws-sdk-go-v2/service/elasticache v1.37.3/go.mod h1:UJpNffhunWHuyhrLEsMUn/2hk+itCLablfH7iLC8Jxs=
github.com/aws/aws-sdk-go-v2/service/elasticsearchservice v1.28.2 h1:8DUBV0j3G1Q4IQu8Bbg0sbxWaL870Pp5Dl/AQnTz67w=
github.com/aws/aws-sdk-go-v2/service/elasticsearchservice v1.28.2/go.mod h1:rBCDkj0Cl3khZJ/Gkmka8qFl7xOeI+Jw4/cwKiiXAY0=
github.com/aws/aws-sdk-go-v2/service/eventbridge v1.30.2 h1:Wcz770McQUzlejoK+roPCKQSdDHqEVVJv58DvXg9fFs=
github.com/aws/aws-sdk-go-v2/service/eventbridge v1.30.2/go.mod h1:+dJHflP7rijXVHYlYKnKIgvhtqica35tj3RjXxzDLgk=
github.com/aws/aws-sdk-go-v2/service/firehose v1.28.2 h1:UUZd0OkSUIxCjOfMxTs5DVHSfU1BeHFDhYUQecLmCt0=
github.com/aws/aws-sdk-go-v2/service/firehose v1.28.2/go.mod h1:J/jz2p5nOXCQsJ1qe0Lvmukdd7vDdg6Kv2W1ZQ/EA/o=
github.com/aws/aws-sdk-go-v2/service/glue v1.77.3 h1:VK8OwrPo3FdvcD2t2xNstY6Oq6lFU+EV0eaRzCCXQtA=
github.com/aws/aws-sdk-go-v2/service/glue v1.77.3/go.mod h1:2TEFvsMaKmcKfXPEAQrA8qrTySSwoslir2C2ZMa9AF0=
github.com/aws/aws-sdk-go-v2/service/iam v1.31.2 h1:LD+6Ln3nHvQ/1rn3hATa+xjnTkr3LUo4k/6RvdOVFGE=
github.com/aws/aws-sdk-go-v2/service/iam v1.31.2/go.mod h1:jB6UEWR0ROLtOO53UsEzv4wKHRczfrbm8s1JuWILo6Q=
github.com/aws/aws-sdk-go-v2/service/internal/accept-encoding v1.11.1 h1:EyBZibRTVAs6ECHZOw5/wlylS9OcTzwyjeQMudmREjE=
github.com/aws/aws-sdk-go-v2/service/internal/accept-encoding v1.11.1/go.mod h1:JKpmtYhhPs7D97NL/ltqz7yCkERFW5dOlHyVl66ZYF8=
github.com/aws/aws-sdk-go-v2/service/internal/checksum v1.3.5 h1:mbWNpfRUTT6bnacmvOTKXZjR/HycibdWzNpfbrbLDIs=
github.com/aws/aws-sdk-go-v2/service/internal/checksum v1.3.5/go.mod h1:FCOPWGjsshkkICJIn9hq9xr6dLKtyaWpuUojiN3W1/8=
github.com/aws/aws-sdk-go-v2/service/internal/endpoint-discovery v1.9.4 h1:ikwIKlf0+HbyOhTLo/BRT5z5c8FsjPLPgd75zcRonek=
github.com/aws/aws-sdk-go-v2/service/internal/endpoint-discovery v1.9.4/go.mod h1:Egp7w6xf3EzlnfkfnMbDtHtts8H21B9QrCvc+3NNT24=
github.com/aws/aws-sdk-go-v2/service/internal/presigned-url v1.11.5 h1:K/NXvIftOlX+oGgWGIa3jDyYLDNsdVhsjHmsBH2GLAQ=
github.com/aws/aws-sdk-go-v2/service/internal/presigned-url v1.11.5/go.mod h1:cl9HGLV66EnCmMNzq4sYOti+/xo8w34CsgzVtm2GgsY=
github.com/aws/aws-sdk-go-v2/service/internal/s3shared v1.17.3 h1:4t+QEX7BsXz98W8W1lNvMAG+NX8qHz2CjLBxQKku40g=
github.com/aws/aws-sdk-go-v2/service/internal/s3shared v1.17.3/go.mod h1:oFcjjUq5Hm09N9rpxTdeMeLeQcxS7mIkBkL8qUKng+A=
github.com/aws/aws-sdk-go-v2/service/kinesis v1.27.2 h1:71gafPkX0RyJJqq921QJ+JvVmXIByfYONsy2XIN/+zk=
github.com/aws/aws-sdk-go-v2/service/kinesis v1.27.2/go.mod h1:7w4Wsl8JbRrZmi6YHRa0fxvLyY+VoYSVmC7OpdJP/VQ=
github.com/aws/aws-sdk-go-v2/service/kms v1.29.2 h1:3UaqodPQqPh5XowXJ9fWM4TQqwuftYYFvej+RI5uIO8=
github.com/aws/aws-sdk-go-v2/service/kms v1.29.2/go.mod h1:elLDaj+1RNl9Ovn3dB6dWLVo5WQ+VLSUMKegl7N96fY=
github.com/aws/aws-sdk-go-v2/service/lambda v1.53.2 h1:lkPeNqnIPFKWEhHbdT1oinjmhTjb9ZU01tFfXgi4UAM=
github.com/aws/aws-sdk-go-v2/service/lambda v1.53.2/go.mod h1:BvYv8HrEOHY7GQTDA3abDNj2sn/vtOZZJ9QuxZ+BSBI=
github.com/aws/aws-sdk-go-v2/service/ram v1.25.2 h1:UeHRt97RCvWmcFyZt/ptdgFRUP3xFuy97UVJh1JsXyU=
github.com/aws/aws-sdk-go-v2/service/ram v1.25.2/go.mod h1:bhgu5SP0KA+kksOwezrz4UTgfzqRbxdmC9bpz93N/R0=
github.com/aws/aws-sdk-go-v2/service/rds v1.75.2 h1:/etI5hk4BQURwtGvBP+BYd9X+4LJEB4C6pQ01OuOYec=
github.com/aws/aws-sdk-go-v2/service/rds v1.75.2/go.mod h1:rkt5KtuoWuz6e6OMAMvR2h5o+7kUVEUCuBuDZhw5CIE=
github.com/aws/aws-sdk-go-v2/service/redshift v1.43.3 h1:MCnHxq7/DO3VMQ0i1VtVy3wEiYxpu8YeFbcmNn7/cuY=
github.com/aws/aws-sdk-go-v2/service/redshift v1.43.3/go.mod h1:Mdo8sTe7RMy03vi8c9HVMyhh3EDR7SkAPKMVpQgJkQA=
github.com/aws/aws-sdk-go-v2/service/route53 v1.40.2 h1:YXQQJm3KnxabBHGNU8iC0GSvKRLtUSNUfP2R7L+Z/Tg=
github.com/aws/aws-sdk-go-v2/service/route53 v1.40.2/go.mod h1:ORinaAeDvAI7L7zPyE2RmG0RpwHKZDaQ7ALO8/dXFtY=
github.com/aws/aws-sdk-go-v2/service/s3 v1.52.0 h1:k7gL76sSR0e2pLphjfmjD/+pDDtoOHvWp8ezpTsdyes=
github.com/aws/aws-sdk-go-v2/service/s3 v1.52.0/go.mod h1:MGTaf3x/+z7ZGugCGvepnx2DS6+caCYYqKhzVoLNYPk=
github.com/aws/aws-sdk-go-v2/service/secretsmanager v1.28.3 h1:nMvMpooRz9Kbbn+NPoWdQ4SPdjM6HzVJ6Wzsa1IgRwI=
github.com/aws/aws-sdk-go-v2/service/secretsmanager v1.28.3/go.mod h1:GvNHKQAAOSKjmlccE/+Ww2gDbwYP9EewIuvWiQSquQs=
github.com/aws/aws-sdk-go-v2/service/sesv2 v1.27.1 h1:9H9lly9jmU7CbhULtfYJ71yWcYXbT7eVQhSqPnRG4ds=
github.com/aws/aws-sdk-go-v2/service/sesv2 v1.27.1/go.mod h1:03HDYf3h6TejRFzifdL576EOaOjKO7m3yIInQA2/gE8=
github.com/aws/aws-sdk-go-v2/service/sfn v1.26.2 h1:cfwTYyjuoWCBk5OFo+BMBoklQOCgmhvooeQD+IBD9QA=
github.com/aws/aws-sdk-go-v2/service/sfn v1.26.2/go.mod h1:f1L1u3X+8Wf6+sYRLJNiplkCE3uNxeRa9CSoHn32Pgc=
github.com/aws/aws-sdk-go-v2/service/sns v1.29.2 h1:kHm1SYs/NkxZpKINc4zOXOLJHVMzKtU4d7FlAMtDm50=
github.com/aws/aws-sdk-go-v2/service/sns v1.29.2/go.mod h1:ZIs7/BaYel9NODoYa8PW39o15SFAXDEb4DxOG2It15U=
github.com/aws/aws-sdk-go-v2/service/sqs v1.31.2 h1:A9ihuyTKpS8Z1ou/D4ETfOEFMyokA6JjRsgXWTiHvCk=
github.com/aws/aws-sdk-go-v2/service/sqs v1.31.2/go.mod h1:J3XhTE+VsY1jDsdDY+ACFAppZj/gpvygzC5JE0bTLbQ=
github.com/aws/aws-sdk-go-v2/service/sso v1.20.2 h1:XOPfar83RIRPEzfihnp+U6udOveKZJvPQ76SKWrLRHc=
github.com/aws/aws-sdk-go-v2/service/sso v1.20.2/go.mod h1:Vv9Xyk1KMHXrR3vNQe8W5LMFdTjSeWk0gBZBzvf3Qa0=
github.com/aws/aws-sdk-go-v2/service/ssooidc v1.23.2 h1:pi0Skl6mNl2w8qWZXcdOyg197Zsf4G97U7Sso9JXGZE=
github.com/aws/aws-sdk-go-v2/service/ssooidc v1.23.2/go.mod h1:JYzLoEVeLXk+L4tn1+rrkfhkxl6mLDEVaDSvGq9og90=
github.com/aws/aws-sdk-go-v2/service/sts v1.28.4 h1:Ppup1nVNAOWbBOrcoOxaxPeEnSFB2RnnQdguhXpmeQk=
github.com/aws/aws-sdk-go-v2/service/sts v1.28.4/go.mod h1:+K1rNPVyGxkRuv9NNiaZ4YhBFuyw2MMA9SlIJ1Zlpz8=
github.com/aws/aws-sdk-go-v2/service/wafv2 v1.48.0 h1:Yr20B5gdxvWfVD5N37nlqxtZyQ6XcHE72aefA8nlMCI=
github.com/aws/aws-sdk-go-v2/service/wafv2 v1.48.0/go.mod h1:GsQvsfPzCHHwOKkm+g2WWVIB70RBnXVgI6/5xbJDeOU=
github.com/aws/aws-sdk-go-v2/service/xray v1.25.2 h1:LsN6jvftunt9SW1Nbh+4zU2lFmuIm0XSoaDoV6ENhhg=
github.com/aws/aws-sdk-go-v2/service/xray v1.25.2/go.mod h1:4HJWbmoM6MD9EGXD/uEV+oHKYHW3yy4oiJxpfnz+Lwo=
github.com/aws/smithy-go v1.20.1 h1:4SZlSlMr36UEqC7XOyRVb27XMeZubNcBNN+9IgEPIQw=
github.com/aws/smithy-go v1.20.1/go.mod h1:krry+ya/rV9RDcV/Q16kpu6ypI4K2czasz0NC3qS14E=
github.com/davecgh/go-spew v1.1.0/go.mod h1:J7Y8YcW2NihsgmVo/mv3lAwl/skON4iLHjSsI+c5H38=
github.com/davecgh/go-spew v1.1.2-0.20180830191138-d8f796af33cc h1:U9qPSI2PIWSS1VwoXQT9A3Wy9MM3WgvqSxFWenqJduM=
github.com/davecgh/go-spew v1.1.2-0.20180830191138-d8f796af33cc/go.mod h1:J7Y8YcW2NihsgmVo/mv3lAwl/skON4iLHjSsI+c5H38=
github.com/jmespath/go-jmespath v0.4.0 h1:BEgLn5cpjn8UN1mAw4NjwDrS35OdebyEtFe+9YPoQUg=
github.com/jmespath/go-jmespath v0.4.0/go.mod h1:T8mJZnbsbmF+m6zOOFylbeCJqk5+pHWvzYPziyZiYoo=
github.com/jmespath/go-jmespath/internal/testify v1.5.1 h1:shLQSRRSCCPj3f2gpwzGwWFoC7ycTf1rcQZHOlsJ6N8=
github.com/jmespath/go-jmespath/internal/testify v1.5.1/go.mod h1:L3OGu8Wl2/fWfCI6z80xFu9LTZmf1ZRjMHUOPmWr69U=
github.com/pmezard/go-difflib v1.0.0/go.mod h1:iKH77koFhYxTK1pcRnkKkqfTogsbg7gZNVY4sRDYZ/4=
github.com/pmezard/go-difflib v1.0.1-0.20181226105442-5d4384ee4fb2 h1:Jamvg5psRIccs7FGNTlIRMkT8wgtp5eCXdBlqhYGL6U=
github.com/pmezard/go-difflib v1.0.1-0.20181226105442-5d4384ee4fb2/go.mod h1:iKH77koFhYxTK1pcRnkKkqfTogsbg7gZNVY4sRDYZ/4=
github.com/stretchr/objx v0.1.0/go.mod h1:HFkY916IF+rwdDfMAkV7OtwuqBVzrE8GR6GFx+wExME=
github.com/stretchr/testify v1.9.0 h1:HtqpIVDClZ4nwg75+f6Lvsy/wHu+3BoSGCbBAcpTsTg=
github.com/stretchr/testify v1.9.0/go.mod h1:r2ic/lqez/lEtzL7wO/rwa5dbSLXVDPFyf8C91i36aY=
gopkg.in/check.v1 v0.0.0-20161208181325-20d25e280405/go.mod h1:Co6ibVJAznAaIkqp8huTwlJQCZ016jof/cbN4VW5Yz0=
gopkg.in/yaml.v2 v2.2.8/go.mod h1:hI93XBmqTisBFMUTm0b8Fm+jr3Dg1NNxqwp+5A1VGuI=
gopkg.in/yaml.v2 v2.4.0 h1:D8xgwECY7CYvx+Y2n4sBz93Jn9JRvxdiyyo8CTfuKaY=
gopkg.in/yaml.v2 v2.4.0/go.mod h1:RDklbk79AGWmwhnvt/jBztapEOGDOx6ZbXqjP6csGnQ=
gopkg.in/yaml.v3 v3.0.1 h1:fxVm/GzAzEWqLHuvctI91KS9hhNmmWOoWu0XTYJS7CA=
gopkg.in/yaml.v3 v3.0.1/go.mod h1:K4uyk7z7BCEPqu6E+C64Yfv1cQ7kz7rIZviUmN+EgEM=
