github.com/aws/aws-sdk-go-v2 v1.30.4 h1:frhcagrVNrzmT95RJImMHgabt99vkXGslubDaDagTk8=
github.com/aws/aws-sdk-go-v2 v1.30.4/go.mod h1:CT+ZPWXbYrci8chcARI3OmI/qgd+f6WtuLOoaIA8PR0=
github.com/aws/aws-sdk-go-v2/aws/protocol/eventstream v1.6.4 h1:70PVAiL15/aBMh5LThwgXdSQorVr91L127ttckI9QQU=
github.com/aws/aws-sdk-go-v2/aws/protocol/eventstream v1.6.4/go.mod h1:/MQxMqci8tlqDH+pjmoLu1i0tbWCUP1hhyMRuFxpQCw=
github.com/aws/aws-sdk-go-v2/config v1.27.31 h1:kxBoRsjhT3pq0cKthgj6RU6bXTm/2SgdoUMyrVw0rAI=
github.com/aws/aws-sdk-go-v2/config v1.27.31/go.mod h1:z04nZdSWFPaDwK3DdJOG2r+scLQzMYuJeW0CujEm9FM=
github.com/aws/aws-sdk-go-v2/credentials v1.17.30 h1:aau/oYFtibVovr2rDt8FHlU17BTicFEMAi29V1U+L5Q=
github.com/aws/aws-sdk-go-v2/credentials v1.17.30/go.mod h1:BPJ/yXV92ZVq6G8uYvbU0gSl8q94UB63nMT5ctNO38g=
github.com/aws/aws-sdk-go-v2/feature/ec2/imds v1.16.12 h1:yjwoSyDZF8Jth+mUk5lSPJCkMC0lMy6FaCD51jm6ayE=
github.com/aws/aws-sdk-go-v2/feature/ec2/imds v1.16.12/go.mod h1:fuR57fAgMk7ot3WcNQfb6rSEn+SUffl7ri+aa8uKysI=
github.com/aws/aws-sdk-go-v2/internal/configsources v1.3.16 h1:TNyt/+X43KJ9IJJMjKfa3bNTiZbUP7DeCxfbTROESwY=
github.com/aws/aws-sdk-go-v2/internal/configsources v1.3.16/go.mod h1:2DwJF39FlNAUiX5pAc0UNeiz16lK2t7IaFcm0LFHEgc=
github.com/aws/aws-sdk-go-v2/internal/endpoints/v2 v2.6.16 h1:jYfy8UPmd+6kJW5YhY0L1/KftReOGxI/4NtVSTh9O/I=
github.com/aws/aws-sdk-go-v2/internal/endpoints/v2 v2.6.16/go.mod h1:7ZfEPZxkW42Afq4uQB8H2E2e6ebh6mXTueEpYzjCzcs=
github.com/aws/aws-sdk-go-v2/internal/ini v1.8.1 h1:VaRN3TlFdd6KxX1x3ILT5ynH6HvKgqdiXoTxAF4HQcQ=
github.com/aws/aws-sdk-go-v2/internal/ini v1.8.1/go.mod h1:FbtygfRFze9usAadmnGJNc8KsP346kEe+y2/oyhGAGc=
github.com/aws/aws-sdk-go-v2/internal/v4a v1.3.16 h1:mimdLQkIX1zr8GIPY1ZtALdBQGxcASiBd2MOp8m/dMc=
github.com/aws/aws-sdk-go-v2/internal/v4a v1.3.16/go.mod h1:YHk6owoSwrIsok+cAH9PENCOGoH5PU2EllX4vLtSrsY=
github.com/aws/aws-sdk-go-v2/service/apigatewayv2 v1.22.6 h1:AnY44gk5ViKyp34u1FQmRSP7LNTrjheDNyNSiccSvtw=
github.com/aws/aws-sdk-go-v2/service/apigatewayv2 v1.22.6/go.mod h1:uwB4CO7XADP7or8jFWv8E5hNrwYFY4Zgn/FImfohZKM=
github.com/aws/aws-sdk-go-v2/service/athena v1.44.5 h1:l6fpIrGjYc8zfeBo3QHWxQf3d8TwIxITJXCLOKEhMWw=
github.com/aws/aws-sdk-go-v2/service/athena v1.44.5/go.mod h1:JKpavcrQ83Uy6ntM2pIt0vfVpHR9kvI3dkUeAKQstpc=
github.com/aws/aws-sdk-go-v2/service/backup v1.36.4 h1:q6Kwfy9DhTYPq/JDl5O3dnfdf2Hga3Wc/fu5m2LVspc=
github.com/aws/aws-sdk-go-v2/service/backup v1.36.4/go.mod h1:WGwrjhzgh1bf0GChiwnw6TYok6tEIPFat79ExdcN6Zw=
github.com/aws/aws-sdk-go-v2/service/cloudformation v1.53.5 h1:YeTVIy7cJLeahs7K0jQGDGAd1YYND/to/z8N3kqZBhY=
github.com/aws/aws-sdk-go-v2/service/cloudformation v1.53.5/go.mod h1:y45SdA9v+dLlweaqwAQMoFeXqdRvgwevafa2X8iTqZQ=
github.com/aws/aws-sdk-go-v2/service/cloudfront v1.38.5 h1:t7ZIhyAbD9zDH7rzEuUIagnPz6dJRB8HesgygHUbpsc=
github.com/aws/aws-sdk-go-v2/service/cloudfront v1.38.5/go.mod h1:Jnkkf+olxCcacqhQIjY8BlG4JL2/ZsPLsiBh6xnNsu4=
github.com/aws/aws-sdk-go-v2/service/cloudtrail v1.42.5 h1:M173nCC5U4dTsUTxNbxNiyFq20LB33dtXkVbo8G2BP8=
github.com/aws/aws-sdk-go-v2/service/cloudtrail v1.42.5/go.mod h1:/+sRHIT00VCsc4kPTtSFoQab044bx72J3Nbp9rH9orA=
github.com/aws/aws-sdk-go-v2/service/cloudwatch v1.40.5 h1:/YvqO1j75i4leoV+Z3a5s/dAlEszf2wTKBW8jc3Gd4s=
github.com/aws/aws-sdk-go-v2/service/cloudwatch v1.40.5/go.mod h1:maEDlnDRdhsc0xrUljh3dUJbej11AHz+VTQJsNw1QmE=
github.com/aws/aws-sdk-go-v2/service/cloudwatchlogs v1.37.5 h1:cQpWa19MrnwPcHQfDjLy6GJLo6lpgbMNix4pt5zLuK0=
github.com/aws/aws-sdk-go-v2/service/cloudwatchlogs v1.37.5/go.mod h1:K27H8p8ZmsntKSSC8det8LuT5WahXoJ4vZqlWwKTRaM=
github.com/aws/aws-sdk-go-v2/service/dynamodb v1.34.6 h1:LKZuRTlh8RszjuWcUwEDvCGwjx5olHPp6ZOepyZV5p8=
github.com/aws/aws-sdk-go-v2/service/dynamodb v1.34.6/go.mod h1:s2fYaueBuCnwv1XQn6T8TfShxJWusv5tWPMcL+GY6+g=
github.com/aws/aws-sdk-go-v2/service/ebs v1.25.5 h1:1sZtEheYIWeqkLXBa3V+xTvxmZaq+cb2zBxjccAi50w=
github.com/aws/aws-sdk-go-v2/service/ebs v1.25.5/go.mod h1:RgZa0GnwlnPmCz2iWk6M8bn14q4TUV/GOG595eBOPx0=
github.com/aws/aws-sdk-go-v2/service/ec2 v1.177.0 h1:LAdDRIj5BEZM9fLDTUWUyPzWvv5A++nCEps/RGmZNOo=
github.com/aws/aws-sdk-go-v2/service/ec2 v1.177.0/go.mod h1:ISODge3zgdwOEa4Ou6WM9PKbxJWJ15DYKnr2bfmCAIA=
github.com/aws/aws-sdk-go-v2/service/ecr v1.32.2 h1:2RjzMZp/8PXJUMqiKkDSp7RVj6inF5DpVel35THjV+I=
github.com/aws/aws-sdk-go-v2/service/ecr v1.32.2/go.mod h1:kdk+WJbHcGVbIlRQfSrKyuKkbWDdD8I9NScyS5vZ8eQ=
github.com/aws/aws-sdk-go-v2/service/ecs v1.45.2 h1:DSFxt4HBQjlgKNMyYdME9cbB11FFi7umpTGbqJaS9nw=
github.com/aws/aws-sdk-go-v2/service/ecs v1.45.2/go.mod h1:er8WHbgZAl17Dmu41ifKmUrV7JPpiQnRc+XSrnu4qR8=
github.com/aws/aws-sdk-go-v2/service/eks v1.48.2 h1:EFjJfHrl7/2qh/ZawUXtl9juOPAUUOTFDLOmov5KSgM=
github.com/aws/aws-sdk-go-v2/service/eks v1.48.2/go.mod h1:fff5mmwLCVxyXCojYjPY34sUGvWtXCD325yRL5qHAVs=
github.com/aws/aws-sdk-go-v2/service/elasticache v1.40.7 h1:Ea1/qjiNAz8mxw1IGDNBj3SvPI9DQcofPGQCDhcx1l8=
github.com/aws/aws-sdk-go-v2/service/elasticache v1.40.7/go.mod h1:8Fz2FIrfqAq4KAhs20vraNyG4wzPheq8EFCBb9Lpkqs=
github.com/aws/aws-sdk-go-v2/service/elasticsearchservice v1.30.5 h1:doJDRX17qdP/W93+FmW5zPj2vB9yWIojvqtOcK5CNnE=
github.com/aws/aws-sdk-go-v2/service/elasticsearchservice v1.30.5/go.mod h1:YqwsImPCrZ8Ay4V/YIqASX80JIfpaRp8zye3e8JU8UU=
github.com/aws/aws-sdk-go-v2/service/eventbridge v1.33.5 h1:wL8V4pdudr0mHbZ/tj9YacfRak5klKz9omV0uXBt5Sk=
github.com/aws/aws-sdk-go-v2/service/eventbridge v1.33.5/go.mod h1:AudiowtxywCESLsT3fvGcAEEcN4l7nusiW2nZMaCo+g=
github.com/aws/aws-sdk-go-v2/service/firehose v1.32.2 h1:BaLB1YvppB82w++nMzw0+CESCCW2vAPaLxRt0Zi06l8=
github.com/aws/aws-sdk-go-v2/service/firehose v1.32.2/go.mod h1:aEIXb5VUx5COGtVbhP8pe/Ulm0bQzxPbPmsVH5+Jog8=
github.com/aws/aws-sdk-go-v2/service/glue v1.95.0 h1:3kShOn09X5x7WS4p6TmZXg5tkDmpbZtEd4C37Qfx9SM=
github.com/aws/aws-sdk-go-v2/service/glue v1.95.0/go.mod h1:CLJUKbfv3FrzdDeaD/MpYl7GmA2SfQbC5ZesWlOLMWU=
github.com/aws/aws-sdk-go-v2/service/iam v1.35.0 h1:xIjTizH74aMNQBjp9D5cvjRZmOYtnrpjOGU3xkVqrjk=
github.com/aws/aws-sdk-go-v2/service/iam v1.35.0/go.mod h1:IdHqqRLKgxYR4IY7Omd7SuV4SJzJ8seF+U5PW+mvtP4=
github.com/aws/aws-sdk-go-v2/service/internal/accept-encoding v1.11.4 h1:KypMCbLPPHEmf9DgMGw51jMj77VfGPAN2Kv4cfhlfgI=
github.com/aws/aws-sdk-go-v2/service/internal/accept-encoding v1.11.4/go.mod h1:Vz1JQXliGcQktFTN/LN6uGppAIRoLBR2bMvIMP0gOjc=
github.com/aws/aws-sdk-go-v2/service/internal/checksum v1.3.18 h1:GckUnpm4EJOAio1c8o25a+b3lVfwVzC9gnSBqiiNmZM=
github.com/aws/aws-sdk-go-v2/service/internal/checksum v1.3.18/go.mod h1:Br6+bxfG33Dk3ynmkhsW2Z/t9D4+lRqdLDNCKi85w0U=
github.com/aws/aws-sdk-go-v2/service/internal/endpoint-discovery v1.9.17 h1:HDJGz1jlV7RokVgTPfx1UHBHANC0N5Uk++xgyYgz5E0=
github.com/aws/aws-sdk-go-v2/service/internal/endpoint-discovery v1.9.17/go.mod h1:5szDu6TWdRDytfDxUQVv2OYfpTQMKApVFyqpm+TcA98=
github.com/aws/aws-sdk-go-v2/service/internal/presigned-url v1.11.18 h1:tJ5RnkHCiSH0jyd6gROjlJtNwov0eGYNz8s8nFcR0jQ=
github.com/aws/aws-sdk-go-v2/service/internal/presigned-url v1.11.18/go.mod h1:++NHzT+nAF7ZPrHPsA+ENvsXkOO8wEu+C6RXltAG4/c=
github.com/aws/aws-sdk-go-v2/service/internal/s3shared v1.17.16 h1:jg16PhLPUiHIj8zYIW6bqzeQSuHVEiWnGA0Brz5Xv2I=
github.com/aws/aws-sdk-go-v2/service/internal/s3shared v1.17.16/go.mod h1:Uyk1zE1VVdsHSU7096h/rwnXDzOzYQVl+FNPhPw7ShY=
github.com/aws/aws-sdk-go-v2/service/kinesis v1.29.5 h1:iirGMva2IXw4kcqsvuF+uc8ARweuVqoQJjzRZGaiV1E=
github.com/aws/aws-sdk-go-v2/service/kinesis v1.29.5/go.mod h1:pKTvEQz1PcNd+gKArVyeHpVM63AWnFqYyg07WAQQANQ=
github.com/aws/aws-sdk-go-v2/service/kms v1.35.5 h1:XUomV7SiclZl1QuXORdGcfFqHxEHET7rmNGtxTfNB+M=
github.com/aws/aws-sdk-go-v2/service/kms v1.35.5/go.mod h1:A5CS0VRmxxj2YKYLCY08l/Zzbd01m6JZn0WzxgT1OCA=
github.com/aws/aws-sdk-go-v2/service/lambda v1.58.1 h1:AfTND9lcZ0i4QV0LwgiwonDbWm8YPr4iYJ28n/x+FAo=
github.com/aws/aws-sdk-go-v2/service/lambda v1.58.1/go.mod h1:19OJBUjzuycsyPiTi8Gxx17XJjsF9Ck/cQeDGvsiics=
github.com/aws/aws-sdk-go-v2/service/ram v1.27.5 h1:AEH+gEiuFOA4nOh+oWf9xmuddaHWQdGoeuYojaULOYQ=
github.com/aws/aws-sdk-go-v2/service/ram v1.27.5/go.mod h1:TWkXQo8ew7pyPtytLlHIL8meywY2lOJk6QdC8zmBD/8=
github.com/aws/aws-sdk-go-v2/service/rds v1.82.2 h1:kO/fQcueYZvuL5kPzTPQ503cKZj8jyBNg1MlnIqpFPg=
github.com/aws/aws-sdk-go-v2/service/rds v1.82.2/go.mod h1:hfUZhydujCniydsJdzZ9bwzX6nUvbfnhhYQeFNREC2I=
github.com/aws/aws-sdk-go-v2/service/redshift v1.46.6 h1:Fgq3jMHNYudXTvvqsGlmVDIl4CBYhkE8QvFEwqQXO9k=
github.com/aws/aws-sdk-go-v2/service/redshift v1.46.6/go.mod h1:ewgM3ybBFAedvhnzP5MqVUUopusCWk0BpacCQKZNge4=
github.com/aws/aws-sdk-go-v2/service/route53 v1.43.0 h1:xtp7jye7KhWu4ptBs5yh1Vep0vLAGSNGmArOUp997DU=
github.com/aws/aws-sdk-go-v2/service/route53 v1.43.0/go.mod h1:QN7tFo/W8QjLCR6aPZqMZKaVQJiAp95r/g78x1LWtkA=
github.com/aws/aws-sdk-go-v2/service/s3 v1.61.0 h1:Wb544Wh+xfSXqJ/j3R4aX9wrKUoZsJNmilBYZb3mKQ4=
github.com/aws/aws-sdk-go-v2/service/s3 v1.61.0/go.mod h1:BSPI0EfnYUuNHPS0uqIo5VrRwzie+Fp+YhQOUs16sKI=
github.com/aws/aws-sdk-go-v2/service/secretsmanager v1.32.6 h1:3TZlWvCC813uhS1Z4fVTmBhg41OYUrgSlvXqIDDkurw=
github.com/aws/aws-sdk-go-v2/service/secretsmanager v1.32.6/go.mod h1:5NPkI3RsTOhwz1CuG7VVSgJCm3CINKkoIaUbUZWQ67w=
github.com/aws/aws-sdk-go-v2/service/sesv2 v1.33.0 h1:xgp46CIfHVv0vj2+/NXZ5l5rNyuOt40JX/uOTo3f748=
github.com/aws/aws-sdk-go-v2/service/sesv2 v1.33.0/go.mod h1:qVIFAGMTTDMumfHxKW8QoQJXvlY3hkfaxPONLHT3asY=
github.com/aws/aws-sdk-go-v2/service/sfn v1.31.0 h1:ennX2fawfG89zZiAmIYTlADnpXuJ5tm6Bs4qq4qJZyc=
github.com/aws/aws-sdk-go-v2/service/sfn v1.31.0/go.mod h1:jIKXvGI0iFk5QXBW8FntPO/tqdmfC3OS0Z38twH9a08=
github.com/aws/aws-sdk-go-v2/service/sns v1.31.5 h1:q8R1hxwOHE4e6TInafToa8AHTLQpJrxWXYk7GINJoyw=
github.com/aws/aws-sdk-go-v2/service/sns v1.31.5/go.mod h1:wDacBq+NshhM8KhdysbM4wRFxVyghyj7AAI+l8+o9f0=
github.com/aws/aws-sdk-go-v2/service/sqs v1.34.5 h1:HYyVDOC2/PIg+3oBX1q0wtDU5kONki6lrgIG0afrBkY=
github.com/aws/aws-sdk-go-v2/service/sqs v1.34.5/go.mod h1:7idt3XszF6sE9WPS1GqZRiDJOxw4oPtlRBXodWnCGjU=
github.com/aws/aws-sdk-go-v2/service/sso v1.22.5 h1:zCsFCKvbj25i7p1u94imVoO447I/sFv8qq+lGJhRN0c=
github.com/aws/aws-sdk-go-v2/service/sso v1.22.5/go.mod h1:ZeDX1SnKsVlejeuz41GiajjZpRSWR7/42q/EyA/QEiM=
github.com/aws/aws-sdk-go-v2/service/ssooidc v1.26.5 h1:SKvPgvdvmiTWoi0GAJ7AsJfOz3ngVkD/ERbs5pUnHNI=
github.com/aws/aws-sdk-go-v2/service/ssooidc v1.26.5/go.mod h1:20sz31hv/WsPa3HhU3hfrIet2kxM4Pe0r20eBZ20Tac=
github.com/aws/aws-sdk-go-v2/service/sts v1.30.5 h1:OMsEmCyz2i89XwRwPouAJvhj81wINh+4UK+k/0Yo/q8=
github.com/aws/aws-sdk-go-v2/service/sts v1.30.5/go.mod h1:vmSqFK+BVIwVpDAGZB3CoCXHzurt4qBE8lf+I/kRTh0=
github.com/aws/aws-sdk-go-v2/service/wafv2 v1.52.0 h1:iNOyv20LR2XhcWU/72CpZHvk6R9KKOCmq46XdVBCgic=
github.com/aws/aws-sdk-go-v2/service/wafv2 v1.52.0/go.mod h1:P95v1j9QVTk6fFciQhk/PnY0nYPGWixtJC/G7e2TY3M=
github.com/aws/aws-sdk-go-v2/service/xray v1.27.5 h1:TYTsfyO/gub8V76TbPFURGuQP5FN5qNrVs9SNMuAPQM=
github.com/aws/aws-sdk-go-v2/service/xray v1.27.5/go.mod h1:dYbiZw60hQKk9dErFQ7t+OF+6qq6Vk9oazdnZxZhZSc=
github.com/aws/smithy-go v1.20.4 h1:2HK1zBdPgRbjFOHlfeQZfpC4r72MOb9bZkiFwggKO+4=
github.com/aws/smithy-go v1.20.4/go.mod h1:irrKGvNn1InZwb2d7fkIRNucdfwR8R+Ts3wxYa/cJHg=
github.com/davecgh/go-spew v1.1.0/go.mod h1:J7Y8YcW2NihsgmVo/mv3lAwl/skON4iLHjSsI+c5H38=
github.com/davecgh/go-spew v1.1.2-0.20180830191138-d8f796af33cc h1:U9qPSI2PIWSS1VwoXQT9A3Wy9MM3WgvqSxFWenqJduM=
github.com/davecgh/go-spew v1.1.2-0.20180830191138-d8f796af33cc/go.mod h1:J7Y8YcW2NihsgmVo/mv3lAwl/skON4iLHjSsI+c5H38=
github.com/jmespath/go-jmespath v0.4.0 h1:BEgLn5cpjn8UN1mAw4NjwDrS35OdebyEtFe+9YPoQUg=
github.com/jmespath/go-jmespath v0.4.0/go.mod h1:T8mJZnbsbmF+m6zOOFylbeCJqk5+pHWvzYPziyZiYoo=
github.com/jmespath/go-jmespath/internal/testify v1.5.1 h1:shLQSRRSCCPj3f2gpwzGwWFoC7ycTf1rcQZHOlsJ6N8=
github.com/jmespath/go-jmespath/internal/testify v1.5.1/go.mod h1:L3OGu8Wl2/fWfCI6z80xFu9LTZmf1ZRjMHUOPmWr69U=
github.com/pmezard/go-difflib v1.0.0/go.mod h1:iKH77koFhYxTK1pcRnkKkqfTogsbg7gZNVY4sRDYZ/4=
github.com/pmezard/go-difflib v1.0.1-0.20181226105442-5d4384ee4fb2 h1:Jamvg5psRIccs7FGNTlIRMkT8wgtp5eCXdBlqhYGL6U=
github.com/pmezard/go-difflib v1.0.1-0.20181226105442-5d4384ee4fb2/go.mod h1:iKH77koFhYxTK1pcRnkKkqfTogsbg7gZNVY4sRDYZ/4=
github.com/stretchr/objx v0.1.0/go.mod h1:HFkY916IF+rwdDfMAkV7OtwuqBVzrE8GR6GFx+wExME=
github.com/stretchr/testify v1.9.0 h1:HtqpIVDClZ4nwg75+f6Lvsy/wHu+3BoSGCbBAcpTsTg=
github.com/stretchr/testify v1.9.0/go.mod h1:r2ic/lqez/lEtzL7wO/rwa5dbSLXVDPFyf8C91i36aY=
gopkg.in/check.v1 v0.0.0-20161208181325-20d25e280405/go.mod h1:Co6ibVJAznAaIkqp8huTwlJQCZ016jof/cbN4VW5Yz0=
gopkg.in/yaml.v2 v2.2.8/go.mod h1:hI93XBmqTisBFMUTm0b8Fm+jr3Dg1NNxqwp+5A1VGuI=
gopkg.in/yaml.v2 v2.4.0 h1:D8xgwECY7CYvx+Y2n4sBz93Jn9JRvxdiyyo8CTfuKaY=
gopkg.in/yaml.v2 v2.4.0/go.mod h1:RDklbk79AGWmwhnvt/jBztapEOGDOx6ZbXqjP6csGnQ=
gopkg.in/yaml.v3 v3.0.1 h1:fxVm/GzAzEWqLHuvctI91KS9hhNmmWOoWu0XTYJS7CA=
gopkg.in/yaml.v3 v3.0.1/go.mod h1:K4uyk7z7BCEPqu6E+C64Yfv1cQ7kz7rIZviUmN+EgEM=
